
Microsoft Visual Studio Solution File, Format Version 12.00
# Visual Studio 15
VisualStudioVersion = 15.0.28307.902
MinimumVisualStudioVersion = 10.0.40219.1
Project("{9A19103F-16F7-4668-BE54-9A1E7A4F7556}") = "TestesComTimespan", "TImespan\TestesComTimespan.csproj", "{C09305B5-82BA-445D-ABA9-A17B68FB9A61}"
EndProject
Global
	GlobalSection(SolutionConfigurationPlatforms) = preSolution
		Debug|Any CPU = Debug|Any CPU
		Release|Any CPU = Release|Any CPU
	EndGlobalSection
	GlobalSection(ProjectConfigurationPlatforms) = postSolution
		{C09305B5-82BA-445D-ABA9-A17B68FB9A61}.Debug|Any CPU.ActiveCfg = Debug|Any CPU
		{C09305B5-82BA-445D-ABA9-A17B68FB9A61}.Debug|Any CPU.Build.0 = Debug|Any CPU
		{C09305B5-82BA-445D-ABA9-A17B68FB9A61}.Release|Any CPU.ActiveCfg = Release|Any CPU
		{C09305B5-82BA-445D-ABA9-A17B68FB9A61}.Release|Any CPU.Build.0 = Release|Any CPU
	EndGlobalSection
	GlobalSection(SolutionProperties) = preSolution
		HideSolutionNode = FALSE
	EndGlobalSection
	GlobalSection(ExtensibilityGlobals) = postSolution
		SolutionGuid = {7AA46F30-DB1E-4BCC-9C62-91DB4F70C04E}
	EndGlobalSection
EndGlobal
